<Solution>
  <Project Path="01/01.csproj" />
  <Project Path="02/02.csproj" Id="33c16ad5-9ea0-49d2-9a39-fadbab4366db" />
  <Project Path="03/03.csproj" Id="c406db70-12a2-48dd-95b2-d5724307f626" />
  <Project Path="04/04.csproj" Id="38bde061-005e-4687-895e-ee1bbc3a2b39" />
  <Project Path="05/05.csproj" Id="770b98a8-40eb-4293-8701-1f0252a57a53" />
  <Project Path="06/06.csproj" Id="6d29ea51-94f7-497f-802b-e1e8f7841b1f" />
</Solution>
